PODS:
  - Alamofire (4.8.2)
  - AlamofireObjectMapper (5.2.0):
    - Alamofire (~> 4.7)
    - ObjectMapper (~> 3.4)
  - CameraBackground (1.6.2):
    - CameraBackground/Resources (= 1.6.2)
    - MiniLayout
    - MultiToggleButton
  - CameraBackground/Resources (1.6.2):
    - MiniLayout
    - MultiToggleButton
  - ChameleonFramework (2.1.0):
    - ChameleonFramework/Default (= 2.1.0)
  - ChameleonFramework/Default (2.1.0)
  - Cosmos (18.0.1)
  - EmailValidator (1.0.2)
  - KRActivityIndicatorView (3.0.2)
  - KRProgressHUD (3.4.1):
    - KRActivityIndicatorView (= 3.0.2)
  - MiniLayout (1.4.2)
  - MTBBarcodeScanner (5.0.11)
  - MultiToggleButton (1.8.1)
  - ObjectMapper (3.5.0)
  - PPBadgeViewSwift (3.1.0)
  - ReachabilitySwift (4.3.1)
  - Realm (3.16.2):
    - Realm/Headers (= 3.16.2)
  - Realm/Headers (3.16.2)
  - RealmSwift (3.16.2):
    - Realm (= 3.16.2)
  - RSBarcodes_Swift (4.2.1)
  - SideMenu (5.0.3)
  - "UITextView+Placeholder (1.2.1)"

DEPENDENCIES:
  - Alamofire
  - AlamofireObjectMapper (~> 5.0)
  - CameraBackground
  - ChameleonFramework
  - Cosmos (~> 18.0)
  - EmailValidator
  - KRProgressHUD
  - MTBBarcodeScanner
  - PPBadgeViewSwift
  - ReachabilitySwift
  - RealmSwift
  - RSBarcodes_Swift (~> 4.2.1)
  - SideMenu
  - "UITextView+Placeholder"

SPEC REPOS:
  https://github.com/cocoapods/specs.git:
    - Alamofire
    - AlamofireObjectMapper
    - CameraBackground
    - ChameleonFramework
    - Cosmos
    - EmailValidator
    - KRActivityIndicatorView
    - KRProgressHUD
    - MiniLayout
    - MTBBarcodeScanner
    - MultiToggleButton
    - ObjectMapper
    - PPBadgeViewSwift
    - ReachabilitySwift
    - Realm
    - RealmSwift
    - RSBarcodes_Swift
    - SideMenu
    - "UITextView+Placeholder"

SPEC CHECKSUMS:
  Alamofire: ae5c501addb7afdbb13687d7f2f722c78734c2d3
  AlamofireObjectMapper: 92b6ce2423a9d159e686f6a1d514a009bf903ddc
  CameraBackground: b6de4b22d33830bbbfaf91becb0e6679a6eeb0af
  ChameleonFramework: d21a3cc247abfe5e37609a283a8238b03575cf64
  Cosmos: 7dfaa3f52584ca5f94ab74b5c2e264019cc9f7f5
  EmailValidator: 366dc0ddedcc457ae14d269fa056416a6730d6ea
  KRActivityIndicatorView: a2022d5d3e366207d2690f6bcc550f83aa91241b
  KRProgressHUD: 115363b48feb530ab1f36c4146ed22e779e0f5aa
  MiniLayout: f819ad87432712e6b2596081a62e633a4961bfc6
  MTBBarcodeScanner: f453b33c4b7dfe545d8c6484ed744d55671788cb
  MultiToggleButton: 05601cbfe9ce0987e56713f8d5e7dff90619c4ea
  ObjectMapper: 078b564ed25c6578b62588e306bf1da3924636d4
  PPBadgeViewSwift: 18a219a9897f418342c22dd1a54f7b18ac56546b
  ReachabilitySwift: 4032e2f59586e11e3b0ebe15b167abdd587a388b
  Realm: 0e73b4edeb5b6a90da3d83206883b2e34e00eb38
  RealmSwift: a81e650171ef0a5f999df1ed8d39ba8d6fce88a4
  RSBarcodes_Swift: c58d107e6d2149cc34a23f02828d400dbb708101
  SideMenu: 1dcaabce84538c53325c287f7fe62999379a641c
  "UITextView+Placeholder": 0c3efd97f37ea64bde7f34cc6e90fe02e87b3909

PODFILE CHECKSUM: 69c17dd21d5c7e6763bc9dc660bad5e0ff51cfc4

COCOAPODS: 1.7.2
